
Microsoft Visual Studio Solution File, Format Version 12.00
# Visual Studio Version 16
VisualStudioVersion = 25.0.1706.13
MinimumVisualStudioVersion = 10.0.40219.1
Project("{FAE04EC0-301F-11D3-BF4B-00C04F79EFBC}") = "1", "1\1.csproj", "{59F69563-98C4-4527-AAA9-9BB9E8D6A549}"
EndProject
Project("{FAE04EC0-301F-11D3-BF4B-00C04F79EFBC}") = "Program2", "Program2\Program2.csproj", "{0351DE7E-2B15-4C29-BD2D-1664787359C9}"
EndProject
Global
	GlobalSection(SolutionConfigurationPlatforms) = preSolution
		Debug|Any CPU = Debug|Any CPU
		Release|Any CPU = Release|Any CPU
	EndGlobalSection
	GlobalSection(ProjectConfigurationPlatforms) = postSolution
		{59F69563-98C4-4527-AAA9-9BB9E8D6A549}.Debug|Any CPU.ActiveCfg = Debug|Any CPU
		{59F69563-98C4-4527-AAA9-9BB9E8D6A549}.Debug|Any CPU.Build.0 = Debug|Any CPU
		{59F69563-98C4-4527-AAA9-9BB9E8D6A549}.Release|Any CPU.ActiveCfg = Release|Any CPU
		{59F69563-98C4-4527-AAA9-9BB9E8D6A549}.Release|Any CPU.Build.0 = Release|Any CPU
		{0351DE7E-2B15-4C29-BD2D-1664787359C9}.Debug|Any CPU.ActiveCfg = Debug|Any CPU
		{0351DE7E-2B15-4C29-BD2D-1664787359C9}.Debug|Any CPU.Build.0 = Debug|Any CPU
		{0351DE7E-2B15-4C29-BD2D-1664787359C9}.Release|Any CPU.ActiveCfg = Release|Any CPU
		{0351DE7E-2B15-4C29-BD2D-1664787359C9}.Release|Any CPU.Build.0 = Release|Any CPU
	EndGlobalSection
	GlobalSection(SolutionProperties) = preSolution
		HideSolutionNode = FALSE
	EndGlobalSection
	GlobalSection(ExtensibilityGlobals) = postSolution
		SolutionGuid = {71DD12A9-B3B4-427B-9EE7-D2EBA2E42E8A}
	EndGlobalSection
EndGlobal
